// !$*UTF8*$!
{
	archiveVersion = 1;
	classes = {
	};
	objectVersion = 56;
	objects = {

/* Begin PBXBuildFile section */
		812693E92C5F560600052D79 /* DateFormatter.swift in Sources */ = {isa = PBXBuildFile; fileRef = 812693E82C5F560600052D79 /* DateFormatter.swift */; };
		812693EE2C5F565800052D79 /* DietView.swift in Sources */ = {isa = PBXBuildFile; fileRef = 812693ED2C5F565800052D79 /* DietView.swift */; };
		812693F22C5F567000052D79 /* WorkoutView.swift in Sources */ = {isa = PBXBuildFile; fileRef = 812693F12C5F567000052D79 /* WorkoutView.swift */; };
		81279C782C698C5800724F47 /* TabMainView.swift in Sources */ = {isa = PBXBuildFile; fileRef = 81279C772C698C5800724F47 /* TabMainView.swift */; };
		81292B332C674E9900D5CDCD /* HealthManager.swift in Sources */ = {isa = PBXBuildFile; fileRef = 81292B322C674E9900D5CDCD /* HealthManager.swift */; };
		8142D3B12C6A239E006D873D /* SettingsView.swift in Sources */ = {isa = PBXBuildFile; fileRef = 8142D3B02C6A239E006D873D /* SettingsView.swift */; };
		819BDEAB2C42579500A94FF6 /* ShapeShiftApp.swift in Sources */ = {isa = PBXBuildFile; fileRef = 819BDEAA2C42579500A94FF6 /* ShapeShiftApp.swift */; };
		819BDEAD2C42579500A94FF6 /* ContentView.swift in Sources */ = {isa = PBXBuildFile; fileRef = 819BDEAC2C42579500A94FF6 /* ContentView.swift */; };
		819BDEAF2C42579700A94FF6 /* Assets.xcassets in Resources */ = {isa = PBXBuildFile; fileRef = 819BDEAE2C42579700A94FF6 /* Assets.xcassets */; };
		819BDEB22C42579700A94FF6 /* Preview Assets.xcassets in Resources */ = {isa = PBXBuildFile; fileRef = 819BDEB12C42579700A94FF6 /* Preview Assets.xcassets */; };
		81BBA07F2C54C53A009B19CA /* ShapeShift1.png in Resources */ = {isa = PBXBuildFile; fileRef = 81BBA07E2C54C539009B19CA /* ShapeShift1.png */; };
		81BBA0812C54E1F3009B19CA /* FirstLaunchTabView.swift in Sources */ = {isa = PBXBuildFile; fileRef = 81BBA0802C54E1F3009B19CA /* FirstLaunchTabView.swift */; };
		81BBA0832C54E3D7009B19CA /* FirstLaunchView1.swift in Sources */ = {isa = PBXBuildFile; fileRef = 81BBA0822C54E3D7009B19CA /* FirstLaunchView1.swift */; };
		81BBA0852C54EA61009B19CA /* FirstLaunchView2.swift in Sources */ = {isa = PBXBuildFile; fileRef = 81BBA0842C54EA61009B19CA /* FirstLaunchView2.swift */; };
		81BBA0872C54F5AF009B19CA /* FirstLaunchView3.swift in Sources */ = {isa = PBXBuildFile; fileRef = 81BBA0862C54F5AF009B19CA /* FirstLaunchView3.swift */; };
		81BBA1062C58760D009B19CA /* InputView.swift in Sources */ = {isa = PBXBuildFile; fileRef = 81BBA1052C58760C009B19CA /* InputView.swift */; };
		81F2279F2C43BA39002F9F8A /* MainView.swift in Sources */ = {isa = PBXBuildFile; fileRef = 81F2279E2C43BA39002F9F8A /* MainView.swift */; };
		81F227A12C43BA94002F9F8A /* FirstLaunchView.swift in Sources */ = {isa = PBXBuildFile; fileRef = 81F227A02C43BA94002F9F8A /* FirstLaunchView.swift */; };
/* End PBXBuildFile section */

/* Begin PBXFileReference section */
		812693E82C5F560600052D79 /* DateFormatter.swift */ = {isa = PBXFileReference; fileEncoding = 4; lastKnownFileType = sourcecode.swift; path = DateFormatter.swift; sourceTree = "<group>"; };
		812693ED2C5F565800052D79 /* DietView.swift */ = {isa = PBXFileReference; fileEncoding = 4; lastKnownFileType = sourcecode.swift; path = DietView.swift; sourceTree = "<group>"; };
		812693F12C5F567000052D79 /* WorkoutView.swift */ = {isa = PBXFileReference; fileEncoding = 4; lastKnownFileType = sourcecode.swift; path = WorkoutView.swift; sourceTree = "<group>"; };
		81279C772C698C5800724F47 /* TabMainView.swift */ = {isa = PBXFileReference; lastKnownFileType = sourcecode.swift; path = TabMainView.swift; sourceTree = "<group>"; };
		81292B322C674E9900D5CDCD /* HealthManager.swift */ = {isa = PBXFileReference; lastKnownFileType = sourcecode.swift; path = HealthManager.swift; sourceTree = "<group>"; };
		813E85E32C7075FA00D57EBA /* Info.plist */ = {isa = PBXFileReference; lastKnownFileType = text.plist; path = Info.plist; sourceTree = "<group>"; };
		813E85E42C7076CB00D57EBA /* ShapeShift.entitlements */ = {isa = PBXFileReference; lastKnownFileType = text.plist.entitlements; path = ShapeShift.entitlements; sourceTree = "<group>"; };
		8142D3B02C6A239E006D873D /* SettingsView.swift */ = {isa = PBXFileReference; lastKnownFileType = sourcecode.swift; path = SettingsView.swift; sourceTree = "<group>"; };
		819BDEA72C42579500A94FF6 /* ShapeShift.app */ = {isa = PBXFileReference; explicitFileType = wrapper.application; includeInIndex = 0; path = ShapeShift.app; sourceTree = BUILT_PRODUCTS_DIR; };
		819BDEAA2C42579500A94FF6 /* ShapeShiftApp.swift */ = {isa = PBXFileReference; lastKnownFileType = sourcecode.swift; path = ShapeShiftApp.swift; sourceTree = "<group>"; };
		819BDEAC2C42579500A94FF6 /* ContentView.swift */ = {isa = PBXFileReference; lastKnownFileType = sourcecode.swift; path = ContentView.swift; sourceTree = "<group>"; };
		819BDEAE2C42579700A94FF6 /* Assets.xcassets */ = {isa = PBXFileReference; lastKnownFileType = folder.assetcatalog; path = Assets.xcassets; sourceTree = "<group>"; };
		819BDEB12C42579700A94FF6 /* Preview Assets.xcassets */ = {isa = PBXFileReference; lastKnownFileType = folder.assetcatalog; path = "Preview Assets.xcassets"; sourceTree = "<group>"; };
		81BBA07E2C54C539009B19CA /* ShapeShift1.png */ = {isa = PBXFileReference; lastKnownFileType = image.png; path = ShapeShift1.png; sourceTree = "<group>"; };
		81BBA0802C54E1F3009B19CA /* FirstLaunchTabView.swift */ = {isa = PBXFileReference; lastKnownFileType = sourcecode.swift; path = FirstLaunchTabView.swift; sourceTree = "<group>"; };
		81BBA0822C54E3D7009B19CA /* FirstLaunchView1.swift */ = {isa = PBXFileReference; lastKnownFileType = sourcecode.swift; path = FirstLaunchView1.swift; sourceTree = "<group>"; };
		81BBA0842C54EA61009B19CA /* FirstLaunchView2.swift */ = {isa = PBXFileReference; lastKnownFileType = sourcecode.swift; path = FirstLaunchView2.swift; sourceTree = "<group>"; };
		81BBA0862C54F5AF009B19CA /* FirstLaunchView3.swift */ = {isa = PBXFileReference; lastKnownFileType = sourcecode.swift; path = FirstLaunchView3.swift; sourceTree = "<group>"; };
		81BBA1052C58760C009B19CA /* InputView.swift */ = {isa = PBXFileReference; lastKnownFileType = sourcecode.swift; path = InputView.swift; sourceTree = "<group>"; };
		81F2279E2C43BA39002F9F8A /* MainView.swift */ = {isa = PBXFileReference; lastKnownFileType = sourcecode.swift; path = MainView.swift; sourceTree = "<group>"; };
		81F227A02C43BA94002F9F8A /* FirstLaunchView.swift */ = {isa = PBXFileReference; lastKnownFileType = sourcecode.swift; path = FirstLaunchView.swift; sourceTree = "<group>"; };
/* End PBXFileReference section */

/* Begin PBXFrameworksBuildPhase section */
		819BDEA42C42579500A94FF6 /* Frameworks */ = {
			isa = PBXFrameworksBuildPhase;
			buildActionMask = 2147483647;
			files = (
			);
			runOnlyForDeploymentPostprocessing = 0;
		};
/* End PBXFrameworksBuildPhase section */

/* Begin PBXGroup section */
		819BDE9E2C42579500A94FF6 = {
			isa = PBXGroup;
			children = (
				819BDEA92C42579500A94FF6 /* ShapeShift */,
				819BDEA82C42579500A94FF6 /* Products */,
			);
			sourceTree = "<group>";
		};
		819BDEA82C42579500A94FF6 /* Products */ = {
			isa = PBXGroup;
			children = (
				819BDEA72C42579500A94FF6 /* ShapeShift.app */,
			);
			name = Products;
			sourceTree = "<group>";
		};
		819BDEA92C42579500A94FF6 /* ShapeShift */ = {
			isa = PBXGroup;
			children = (
				813E85E42C7076CB00D57EBA /* ShapeShift.entitlements */,
				813E85E32C7075FA00D57EBA /* Info.plist */,
				819BDEAA2C42579500A94FF6 /* ShapeShiftApp.swift */,
				819BDEAC2C42579500A94FF6 /* ContentView.swift */,
				81279C772C698C5800724F47 /* TabMainView.swift */,
				8142D3B02C6A239E006D873D /* SettingsView.swift */,
				81F227A02C43BA94002F9F8A /* FirstLaunchView.swift */,
				81BBA0802C54E1F3009B19CA /* FirstLaunchTabView.swift */,
				81BBA0862C54F5AF009B19CA /* FirstLaunchView3.swift */,
				81BBA0822C54E3D7009B19CA /* FirstLaunchView1.swift */,
				81BBA0842C54EA61009B19CA /* FirstLaunchView2.swift */,
				81BBA1052C58760C009B19CA /* InputView.swift */,
				81F2279E2C43BA39002F9F8A /* MainView.swift */,
				81292B322C674E9900D5CDCD /* HealthManager.swift */,
				812693E82C5F560600052D79 /* DateFormatter.swift */,
				812693ED2C5F565800052D79 /* DietView.swift */,
				812693F12C5F567000052D79 /* WorkoutView.swift */,
				81BBA07E2C54C539009B19CA /* ShapeShift1.png */,
				819BDEAE2C42579700A94FF6 /* Assets.xcassets */,
				819BDEB02C42579700A94FF6 /* Preview Content */,
			);
			path = ShapeShift;
			sourceTree = "<group>";
		};
		819BDEB02C42579700A94FF6 /* Preview Content */ = {
			isa = PBXGroup;
			children = (
				819BDEB12C42579700A94FF6 /* Preview Assets.xcassets */,
			);
			path = "Preview Content";
			sourceTree = "<group>";
		};
/* End PBXGroup section */

/* Begin PBXNativeTarget section */
		819BDEA62C42579500A94FF6 /* ShapeShift */ = {
			isa = PBXNativeTarget;
			buildConfigurationList = 819BDEB52C42579700A94FF6 /* Build configuration list for PBXNativeTarget "ShapeShift" */;
			buildPhases = (
				819BDEA32C42579500A94FF6 /* Sources */,
				819BDEA42C42579500A94FF6 /* Frameworks */,
				819BDEA52C42579500A94FF6 /* Resources */,
			);
			buildRules = (
			);
			dependencies = (
			);
			name = ShapeShift;
			productName = ShapeShift;
			productReference = 819BDEA72C42579500A94FF6 /* ShapeShift.app */;
			productType = "com.apple.product-type.application";
		};
/* End PBXNativeTarget section */

/* Begin PBXProject section */
		819BDE9F2C42579500A94FF6 /* Project object */ = {
			isa = PBXProject;
			attributes = {
				BuildIndependentTargetsInParallel = 1;
				LastSwiftUpdateCheck = 1540;
				LastUpgradeCheck = 1540;
				TargetAttributes = {
					819BDEA62C42579500A94FF6 = {
						CreatedOnToolsVersion = 15.4;
					};
				};
			};
			buildConfigurationList = 819BDEA22C42579500A94FF6 /* Build configuration list for PBXProject "ShapeShift" */;
			compatibilityVersion = "Xcode 14.0";
			developmentRegion = en;
			hasScannedForEncodings = 0;
			knownRegions = (
				en,
				Base,
			);
			mainGroup = 819BDE9E2C42579500A94FF6;
			productRefGroup = 819BDEA82C42579500A94FF6 /* Products */;
			projectDirPath = "";
			projectRoot = "";
			targets = (
				819BDEA62C42579500A94FF6 /* ShapeShift */,
			);
		};
/* End PBXProject section */

/* Begin PBXResourcesBuildPhase section */
		819BDEA52C42579500A94FF6 /* Resources */ = {
			isa = PBXResourcesBuildPhase;
			buildActionMask = 2147483647;
			files = (
				81BBA07F2C54C53A009B19CA /* ShapeShift1.png in Resources */,
				819BDEB22C42579700A94FF6 /* Preview Assets.xcassets in Resources */,
				819BDEAF2C42579700A94FF6 /* Assets.xcassets in Resources */,
			);
			runOnlyForDeploymentPostprocessing = 0;
		};
/* End PBXResourcesBuildPhase section */

/* Begin PBXSourcesBuildPhase section */
		819BDEA32C42579500A94FF6 /* Sources */ = {
			isa = PBXSourcesBuildPhase;
			buildActionMask = 2147483647;
			files = (
				8142D3B12C6A239E006D873D /* SettingsView.swift in Sources */,
				81BBA0852C54EA61009B19CA /* FirstLaunchView2.swift in Sources */,
				81F227A12C43BA94002F9F8A /* FirstLaunchView.swift in Sources */,
				812693F22C5F567000052D79 /* WorkoutView.swift in Sources */,
				81BBA0832C54E3D7009B19CA /* FirstLaunchView1.swift in Sources */,
				81BBA0812C54E1F3009B19CA /* FirstLaunchTabView.swift in Sources */,
				812693E92C5F560600052D79 /* DateFormatter.swift in Sources */,
				81F2279F2C43BA39002F9F8A /* MainView.swift in Sources */,
				812693EE2C5F565800052D79 /* DietView.swift in Sources */,
				81279C782C698C5800724F47 /* TabMainView.swift in Sources */,
				819BDEAD2C42579500A94FF6 /* ContentView.swift in Sources */,
				81BBA1062C58760D009B19CA /* InputView.swift in Sources */,
				81BBA0872C54F5AF009B19CA /* FirstLaunchView3.swift in Sources */,
				819BDEAB2C42579500A94FF6 /* ShapeShiftApp.swift in Sources */,
				81292B332C674E9900D5CDCD /* HealthManager.swift in Sources */,
			);
			runOnlyForDeploymentPostprocessing = 0;
		};
/* End PBXSourcesBuildPhase section */

/* Begin XCBuildConfiguration section */
		819BDEB32C42579700A94FF6 /* Debug */ = {
			isa = XCBuildConfiguration;
			buildSettings = {
				ALWAYS_SEARCH_USER_PATHS = NO;
				ASSETCATALOG_COMPILER_GENERATE_SWIFT_ASSET_SYMBOL_EXTENSIONS = YES;
				CLANG_ANALYZER_NONNULL = YES;
				CLANG_ANALYZER_NUMBER_OBJECT_CONVERSION = YES_AGGRESSIVE;
				CLANG_CXX_LANGUAGE_STANDARD = "gnu++20";
				CLANG_ENABLE_MODULES = YES;
				CLANG_ENABLE_OBJC_ARC = YES;
				CLANG_ENABLE_OBJC_WEAK = YES;
				CLANG_WARN_BLOCK_CAPTURE_AUTORELEASING = YES;
				CLANG_WARN_BOOL_CONVERSION = YES;
				CLANG_WARN_COMMA = YES;
				CLANG_WARN_CONSTANT_CONVERSION = YES;
				CLANG_WARN_DEPRECATED_OBJC_IMPLEMENTATIONS = YES;
				CLANG_WARN_DIRECT_OBJC_ISA_USAGE = YES_ERROR;
				CLANG_WARN_DOCUMENTATION_COMMENTS = YES;
				CLANG_WARN_EMPTY_BODY = YES;
				CLANG_WARN_ENUM_CONVERSION = YES;
				CLANG_WARN_INFINITE_RECURSION = YES;
				CLANG_WARN_INT_CONVERSION = YES;
				CLANG_WARN_NON_LITERAL_NULL_CONVERSION = YES;
				CLANG_WARN_OBJC_IMPLICIT_RETAIN_SELF = YES;
				CLANG_WARN_OBJC_LITERAL_CONVERSION = YES;
				CLANG_WARN_OBJC_ROOT_CLASS = YES_ERROR;
				CLANG_WARN_QUOTED_INCLUDE_IN_FRAMEWORK_HEADER = YES;
				CLANG_WARN_RANGE_LOOP_ANALYSIS = YES;
				CLANG_WARN_STRICT_PROTOTYPES = YES;
				CLANG_WARN_SUSPICIOUS_MOVE = YES;
				CLANG_WARN_UNGUARDED_AVAILABILITY = YES_AGGRESSIVE;
				CLANG_WARN_UNREACHABLE_CODE = YES;
				CLANG_WARN__DUPLICATE_METHOD_MATCH = YES;
				COPY_PHASE_STRIP = NO;
				DEBUG_INFORMATION_FORMAT = dwarf;
				ENABLE_STRICT_OBJC_MSGSEND = YES;
				ENABLE_TESTABILITY = YES;
				ENABLE_USER_SCRIPT_SANDBOXING = YES;
				GCC_C_LANGUAGE_STANDARD = gnu17;
				GCC_DYNAMIC_NO_PIC = NO;
				GCC_NO_COMMON_BLOCKS = YES;
				GCC_OPTIMIZATION_LEVEL = 0;
				GCC_PREPROCESSOR_DEFINITIONS = (
					"DEBUG=1",
					"$(inherited)",
				);
				GCC_WARN_64_TO_32_BIT_CONVERSION = YES;
				GCC_WARN_ABOUT_RETURN_TYPE = YES_ERROR;
				GCC_WARN_UNDECLARED_SELECTOR = YES;
				GCC_WARN_UNINITIALIZED_AUTOS = YES_AGGRESSIVE;
				GCC_WARN_UNUSED_FUNCTION = YES;
				GCC_WARN_UNUSED_VARIABLE = YES;
				IPHONEOS_DEPLOYMENT_TARGET = 17.5;
				LOCALIZATION_PREFERS_STRING_CATALOGS = YES;
				MTL_ENABLE_DEBUG_INFO = INCLUDE_SOURCE;
				MTL_FAST_MATH = YES;
				ONLY_ACTIVE_ARCH = YES;
				SDKROOT = iphoneos;
				SWIFT_ACTIVE_COMPILATION_CONDITIONS = "DEBUG $(inherited)";
				SWIFT_OPTIMIZATION_LEVEL = "-Onone";
			};
			name = Debug;
		};
		819BDEB42C42579700A94FF6 /* Release */ = {
			isa = XCBuildConfiguration;
			buildSettings = {
				ALWAYS_SEARCH_USER_PATHS = NO;
				ASSETCATALOG_COMPILER_GENERATE_SWIFT_ASSET_SYMBOL_EXTENSIONS = YES;
				CLANG_ANALYZER_NONNULL = YES;
				CLANG_ANALYZER_NUMBER_OBJECT_CONVERSION = YES_AGGRESSIVE;
				CLANG_CXX_LANGUAGE_STANDARD = "gnu++20";
				CLANG_ENABLE_MODULES = YES;
				CLANG_ENABLE_OBJC_ARC = YES;
				CLANG_ENABLE_OBJC_WEAK = YES;
				CLANG_WARN_BLOCK_CAPTURE_AUTORELEASING = YES;
				CLANG_WARN_BOOL_CONVERSION = YES;
				CLANG_WARN_COMMA = YES;
				CLANG_WARN_CONSTANT_CONVERSION = YES;
				CLANG_WARN_DEPRECATED_OBJC_IMPLEMENTATIONS = YES;
				CLANG_WARN_DIRECT_OBJC_ISA_USAGE = YES_ERROR;
				CLANG_WARN_DOCUMENTATION_COMMENTS = YES;
				CLANG_WARN_EMPTY_BODY = YES;
				CLANG_WARN_ENUM_CONVERSION = YES;
				CLANG_WARN_INFINITE_RECURSION = YES;
				CLANG_WARN_INT_CONVERSION = YES;
				CLANG_WARN_NON_LITERAL_NULL_CONVERSION = YES;
				CLANG_WARN_OBJC_IMPLICIT_RETAIN_SELF = YES;
				CLANG_WARN_OBJC_LITERAL_CONVERSION = YES;
				CLANG_WARN_OBJC_ROOT_CLASS = YES_ERROR;
				CLANG_WARN_QUOTED_INCLUDE_IN_FRAMEWORK_HEADER = YES;
				CLANG_WARN_RANGE_LOOP_ANALYSIS = YES;
				CLANG_WARN_STRICT_PROTOTYPES = YES;
				CLANG_WARN_SUSPICIOUS_MOVE = YES;
				CLANG_WARN_UNGUARDED_AVAILABILITY = YES_AGGRESSIVE;
				CLANG_WARN_UNREACHABLE_CODE = YES;
				CLANG_WARN__DUPLICATE_METHOD_MATCH = YES;
				COPY_PHASE_STRIP = NO;
				DEBUG_INFORMATION_FORMAT = "dwarf-with-dsym";
				ENABLE_NS_ASSERTIONS = NO;
				ENABLE_STRICT_OBJC_MSGSEND = YES;
				ENABLE_USER_SCRIPT_SANDBOXING = YES;
				GCC_C_LANGUAGE_STANDARD = gnu17;
				GCC_NO_COMMON_BLOCKS = YES;
				GCC_WARN_64_TO_32_BIT_CONVERSION = YES;
				GCC_WARN_ABOUT_RETURN_TYPE = YES_ERROR;
				GCC_WARN_UNDECLARED_SELECTOR = YES;
				GCC_WARN_UNINITIALIZED_AUTOS = YES_AGGRESSIVE;
				GCC_WARN_UNUSED_FUNCTION = YES;
				GCC_WARN_UNUSED_VARIABLE = YES;
				IPHONEOS_DEPLOYMENT_TARGET = 17.5;
				LOCALIZATION_PREFERS_STRING_CATALOGS = YES;
				MTL_ENABLE_DEBUG_INFO = NO;
				MTL_FAST_MATH = YES;
				SDKROOT = iphoneos;
				SWIFT_COMPILATION_MODE = wholemodule;
				VALIDATE_PRODUCT = YES;
			};
			name = Release;
		};
		819BDEB62C42579700A94FF6 /* Debug */ = {
			isa = XCBuildConfiguration;
			buildSettings = {
				ASSETCATALOG_COMPILER_APPICON_NAME = AppIcon;
				ASSETCATALOG_COMPILER_GLOBAL_ACCENT_COLOR_NAME = AccentColor;
				CODE_SIGN_ENTITLEMENTS = ShapeShift/ShapeShift.entitlements;
				CODE_SIGN_STYLE = Automatic;
				CURRENT_PROJECT_VERSION = 1;
				DEVELOPMENT_ASSET_PATHS = "\"ShapeShift/Preview Content\"";
				DEVELOPMENT_TEAM = W254VRMYYH;
				ENABLE_PREVIEWS = YES;
				GENERATE_INFOPLIST_FILE = YES;
				INFOPLIST_FILE = ShapeShift/Info.plist;
				INFOPLIST_KEY_NSHealthClinicalHealthRecordsShareUsageDescription = "Please allow access to enjoy all the features of our application";
				INFOPLIST_KEY_UIApplicationSceneManifest_Generation = YES;
				INFOPLIST_KEY_UIApplicationSupportsIndirectInputEvents = YES;
				INFOPLIST_KEY_UILaunchScreen_Generation = YES;
				INFOPLIST_KEY_UISupportedInterfaceOrientations_iPad = "UIInterfaceOrientationPortrait UIInterfaceOrientationPortraitUpsideDown UIInterfaceOrientationLandscapeLeft UIInterfaceOrientationLandscapeRight";
				INFOPLIST_KEY_UISupportedInterfaceOrientations_iPhone = "UIInterfaceOrientationPortrait UIInterfaceOrientationLandscapeLeft UIInterfaceOrientationLandscapeRight";
				LD_RUNPATH_SEARCH_PATHS = (
					"$(inherited)",
					"@executable_path/Frameworks",
				);
				MARKETING_VERSION = 1.0;
				PRODUCT_BUNDLE_IDENTIFIER = sanath.ShapeShift;
				PRODUCT_NAME = "$(TARGET_NAME)";
				SWIFT_EMIT_LOC_STRINGS = YES;
				SWIFT_VERSION = 5.0;
				TARGETED_DEVICE_FAMILY = "1,2";
			};
			name = Debug;
		};
		819BDEB72C42579700A94FF6 /* Release */ = {
			isa = XCBuildConfiguration;
			buildSettings = {
				ASSETCATALOG_COMPILER_APPICON_NAME = AppIcon;
				ASSETCATALOG_COMPILER_GLOBAL_ACCENT_COLOR_NAME = AccentColor;
				CODE_SIGN_ENTITLEMENTS = ShapeShift/ShapeShift.entitlements;
				CODE_SIGN_STYLE = Automatic;
				CURRENT_PROJECT_VERSION = 1;
				DEVELOPMENT_ASSET_PATHS = "\"ShapeShift/Preview Content\"";
				DEVELOPMENT_TEAM = W254VRMYYH;
				ENABLE_PREVIEWS = YES;
				GENERATE_INFOPLIST_FILE = YES;
				INFOPLIST_FILE = ShapeShift/Info.plist;
				INFOPLIST_KEY_NSHealthClinicalHealthRecordsShareUsageDescription = "Please allow access to enjoy all the features of our application";
				INFOPLIST_KEY_UIApplicationSceneManifest_Generation = YES;
				INFOPLIST_KEY_UIApplicationSupportsIndirectInputEvents = YES;
				INFOPLIST_KEY_UILaunchScreen_Generation = YES;
				INFOPLIST_KEY_UISupportedInterfaceOrientations_iPad = "UIInterfaceOrientationPortrait UIInterfaceOrientationPortraitUpsideDown UIInterfaceOrientationLandscapeLeft UIInterfaceOrientationLandscapeRight";
				INFOPLIST_KEY_UISupportedInterfaceOrientations_iPhone = "UIInterfaceOrientationPortrait UIInterfaceOrientationLandscapeLeft UIInterfaceOrientationLandscapeRight";
				LD_RUNPATH_SEARCH_PATHS = (
					"$(inherited)",
					"@executable_path/Frameworks",
				);
				MARKETING_VERSION = 1.0;
				PRODUCT_BUNDLE_IDENTIFIER = sanath.ShapeShift;
				PRODUCT_NAME = "$(TARGET_NAME)";
				SWIFT_EMIT_LOC_STRINGS = YES;
				SWIFT_VERSION = 5.0;
				TARGETED_DEVICE_FAMILY = "1,2";
			};
			name = Release;
		};
/* End XCBuildConfiguration section */

/* Begin XCConfigurationList section */
		819BDEA22C42579500A94FF6 /* Build configuration list for PBXProject "ShapeShift" */ = {
			isa = XCConfigurationList;
			buildConfigurations = (
				819BDEB32C42579700A94FF6 /* Debug */,
				819BDEB42C42579700A94FF6 /* Release */,
			);
			defaultConfigurationIsVisible = 0;
			defaultConfigurationName = Release;
		};
		819BDEB52C42579700A94FF6 /* Build configuration list for PBXNativeTarget "ShapeShift" */ = {
			isa = XCConfigurationList;
			buildConfigurations = (
				819BDEB62C42579700A94FF6 /* Debug */,
				819BDEB72C42579700A94FF6 /* Release */,
			);
			defaultConfigurationIsVisible = 0;
			defaultConfigurationName = Release;
		};
/* End XCConfigurationList section */
	};
	rootObject = 819BDE9F2C42579500A94FF6 /* Project object */;
}
